Microsoft Visual Studio Solution File, Format Version 12.00
# Visual Studio 14
Project("{8BC9CEB8-8B4A-11D0-8D11-00A0C91BC942}") = "ALL_BUILD", "ALL_BUILD.vcxproj", "{4C036707-C176-3C76-890A-EE9206559BEA}"
	ProjectSection(ProjectDependencies) = postProject
		{409203B8-2BAA-3C66-86AF-78C707E58791} = {409203B8-2BAA-3C66-86AF-78C707E58791}
		{13F856D4-25D3-333E-A786-90DC2D3F08BC} = {13F856D4-25D3-333E-A786-90DC2D3F08BC}
	EndProjectSection
EndProject
Project("{8BC9CEB8-8B4A-11D0-8D11-00A0C91BC942}") = "INSTALL", "INSTALL.vcxproj", "{9DE5FB42-93F4-311D-A2A3-5CBF71428A27}"
	ProjectSection(ProjectDependencies) = postProject
		{4C036707-C176-3C76-890A-EE9206559BEA} = {4C036707-C176-3C76-890A-EE9206559BEA}
		{13F856D4-25D3-333E-A786-90DC2D3F08BC} = {13F856D4-25D3-333E-A786-90DC2D3F08BC}
	EndProjectSection
EndProject
Project("{8BC9CEB8-8B4A-11D0-8D11-00A0C91BC942}") = "NextLife", "NextLife.vcxproj", "{409203B8-2BAA-3C66-86AF-78C707E58791}"
	ProjectSection(ProjectDependencies) = postProject
		{13F856D4-25D3-333E-A786-90DC2D3F08BC} = {13F856D4-25D3-333E-A786-90DC2D3F08BC}
	EndProjectSection
EndProject
Project("{8BC9CEB8-8B4A-11D0-8D11-00A0C91BC942}") = "ZERO_CHECK", "ZERO_CHECK.vcxproj", "{13F856D4-25D3-333E-A786-90DC2D3F08BC}"
	ProjectSection(ProjectDependencies) = postProject
	EndProjectSection
EndProject
Global
	GlobalSection(SolutionConfigurationPlatforms) = preSolution
		Release|x64 = Release|x64
		RelWithDebInfo|x64 = RelWithDebInfo|x64
		Debug|x64 = Debug|x64
	EndGlobalSection
	GlobalSection(ProjectConfigurationPlatforms) = postSolution
		{4C036707-C176-3C76-890A-EE9206559BEA}.Release|x64.ActiveCfg = Release|x64
		{4C036707-C176-3C76-890A-EE9206559BEA}.Release|x64.Build.0 = Release|x64
		{4C036707-C176-3C76-890A-EE9206559BEA}.RelWithDebInfo|x64.ActiveCfg = RelWithDebInfo|x64
		{4C036707-C176-3C76-890A-EE9206559BEA}.RelWithDebInfo|x64.Build.0 = RelWithDebInfo|x64
		{4C036707-C176-3C76-890A-EE9206559BEA}.Debug|x64.ActiveCfg = Debug|x64
		{4C036707-C176-3C76-890A-EE9206559BEA}.Debug|x64.Build.0 = Debug|x64
		{9DE5FB42-93F4-311D-A2A3-5CBF71428A27}.Release|x64.ActiveCfg = Release|x64
		{9DE5FB42-93F4-311D-A2A3-5CBF71428A27}.RelWithDebInfo|x64.ActiveCfg = RelWithDebInfo|x64
		{9DE5FB42-93F4-311D-A2A3-5CBF71428A27}.Debug|x64.ActiveCfg = Debug|x64
		{409203B8-2BAA-3C66-86AF-78C707E58791}.Release|x64.ActiveCfg = Release|x64
		{409203B8-2BAA-3C66-86AF-78C707E58791}.Release|x64.Build.0 = Release|x64
		{409203B8-2BAA-3C66-86AF-78C707E58791}.RelWithDebInfo|x64.ActiveCfg = RelWithDebInfo|x64
		{409203B8-2BAA-3C66-86AF-78C707E58791}.RelWithDebInfo|x64.Build.0 = RelWithDebInfo|x64
		{409203B8-2BAA-3C66-86AF-78C707E58791}.Debug|x64.ActiveCfg = Debug|x64
		{409203B8-2BAA-3C66-86AF-78C707E58791}.Debug|x64.Build.0 = Debug|x64
		{13F856D4-25D3-333E-A786-90DC2D3F08BC}.Release|x64.ActiveCfg = Release|x64
		{13F856D4-25D3-333E-A786-90DC2D3F08BC}.Release|x64.Build.0 = Release|x64
		{13F856D4-25D3-333E-A786-90DC2D3F08BC}.RelWithDebInfo|x64.ActiveCfg = RelWithDebInfo|x64
		{13F856D4-25D3-333E-A786-90DC2D3F08BC}.RelWithDebInfo|x64.Build.0 = RelWithDebInfo|x64
		{13F856D4-25D3-333E-A786-90DC2D3F08BC}.Debug|x64.ActiveCfg = Debug|x64
		{13F856D4-25D3-333E-A786-90DC2D3F08BC}.Debug|x64.Build.0 = Debug|x64
	EndGlobalSection
	GlobalSection(ExtensibilityGlobals) = postSolution
		SolutionGuid = {4E9E5D73-56CB-3D30-AE39-2AD2A41999F1}
	EndGlobalSection
	GlobalSection(ExtensibilityAddIns) = postSolution
	EndGlobalSection
EndGlobal
